
Microsoft Visual Studio Solution File, Format Version 11.00
# Visual Studio 2010
Project("{FAE04EC0-301F-11D3-BF4B-00C04F79EFBC}") = "CPShell", "CPShell.csproj", "{C405A6A4-153D-4B89-A117-A5E183ED1B5E}"
EndProject
Global
	GlobalSection(SolutionConfigurationPlatforms) = preSolution
		Debug|x86 = Debug|x86
		Release|x86 = Release|x86
	EndGlobalSection
	GlobalSection(ProjectConfigurationPlatforms) = postSolution
		{C405A6A4-153D-4B89-A117-A5E183ED1B5E}.Debug|x86.ActiveCfg = Debug|x86
		{C405A6A4-153D-4B89-A117-A5E183ED1B5E}.Debug|x86.Build.0 = Debug|x86
		{C405A6A4-153D-4B89-A117-A5E183ED1B5E}.Release|x86.ActiveCfg = Release|x86
		{C405A6A4-153D-4B89-A117-A5E183ED1B5E}.Release|x86.Build.0 = Release|x86
	EndGlobalSection
	GlobalSection(SolutionProperties) = preSolution
		HideSolutionNode = FALSE
	EndGlobalSection
EndGlobal
